// !$*UTF8*$!
{
	archiveVersion = 1;
	classes = {
	};
	objectVersion = 46;
	objects = {

/* Begin PBXBuildFile section */
		5B6739FC1D137F9900E585E3 /* AppDelegate.swift in Sources */ = {isa = PBXBuildFile; fileRef = 5B6739FB1D137F9900E585E3 /* AppDelegate.swift */; };
		5B6739FE1D137F9900E585E3 /* ViewController.swift in Sources */ = {isa = PBXBuildFile; fileRef = 5B6739FD1D137F9900E585E3 /* ViewController.swift */; };
		5B673A011D137F9900E585E3 /* Main.storyboard in Resources */ = {isa = PBXBuildFile; fileRef = 5B6739FF1D137F9900E585E3 /* Main.storyboard */; };
		5B673A031D137F9900E585E3 /* Assets.xcassets in Resources */ = {isa = PBXBuildFile; fileRef = 5B673A021D137F9900E585E3 /* Assets.xcassets */; };
		5B673A061D137F9900E585E3 /* LaunchScreen.storyboard in Resources */ = {isa = PBXBuildFile; fileRef = 5B673A041D137F9900E585E3 /* LaunchScreen.storyboard */; };
		5B673A111D137F9900E585E3 /* TaskAppTests.swift in Sources */ = {isa = PBXBuildFile; fileRef = 5B673A101D137F9900E585E3 /* TaskAppTests.swift */; };
		5B673A1C1D137F9900E585E3 /* TaskAppUITests.swift in Sources */ = {isa = PBXBuildFile; fileRef = 5B673A1B1D137F9900E585E3 /* TaskAppUITests.swift */; };
		5B673A2A1D17AB7400E585E3 /* InputViewController.swift in Sources */ = {isa = PBXBuildFile; fileRef = 5B673A291D17AB7400E585E3 /* InputViewController.swift */; };
		5B673A2C1D17D79500E585E3 /* Tasc.swift in Sources */ = {isa = PBXBuildFile; fileRef = 5B673A2B1D17D79500E585E3 /* Tasc.swift */; };
		E694A00FC3132921B46CE153 /* Pods_TaskApp.framework in Frameworks */ = {isa = PBXBuildFile; fileRef = 695DBD73E0C6448758D4537F /* Pods_TaskApp.framework */; };
/* End PBXBuildFile section */

/* Begin PBXContainerItemProxy section */
		5B673A0D1D137F9900E585E3 /* PBXContainerItemProxy */ = {
			isa = PBXContainerItemProxy;
			containerPortal = 5B6739F01D137F9900E585E3 /* Project object */;
			proxyType = 1;
			remoteGlobalIDString = 5B6739F71D137F9900E585E3;
			remoteInfo = TaskApp;
		};
		5B673A181D137F9900E585E3 /* PBXContainerItemProxy */ = {
			isa = PBXContainerItemProxy;
			containerPortal = 5B6739F01D137F9900E585E3 /* Project object */;
			proxyType = 1;
			remoteGlobalIDString = 5B6739F71D137F9900E585E3;
			remoteInfo = TaskApp;
		};
/* End PBXContainerItemProxy section */

/* Begin PBXFileReference section */
		22B985C721AF5081F0A36B4A /* Pods-TaskApp.release.xcconfig */ = {isa = PBXFileReference; includeInIndex = 1; lastKnownFileType = text.xcconfig; name = "Pods-TaskApp.release.xcconfig"; path = "Pods/Target Support Files/Pods-TaskApp/Pods-TaskApp.release.xcconfig"; sourceTree = "<group>"; };
		5B6739F81D137F9900E585E3 /* TaskApp.app */ = {isa = PBXFileReference; explicitFileType = wrapper.application; includeInIndex = 0; path = TaskApp.app; sourceTree = BUILT_PRODUCTS_DIR; };
		5B6739FB1D137F9900E585E3 /* AppDelegate.swift */ = {isa = PBXFileReference; lastKnownFileType = sourcecode.swift; path = AppDelegate.swift; sourceTree = "<group>"; };
		5B6739FD1D137F9900E585E3 /* ViewController.swift */ = {isa = PBXFileReference; lastKnownFileType = sourcecode.swift; path = ViewController.swift; sourceTree = "<group>"; };
		5B673A001D137F9900E585E3 /* Base */ = {isa = PBXFileReference; lastKnownFileType = file.storyboard; name = Base; path = Base.lproj/Main.storyboard; sourceTree = "<group>"; };
		5B673A021D137F9900E585E3 /* Assets.xcassets */ = {isa = PBXFileReference; lastKnownFileType = folder.assetcatalog; path = Assets.xcassets; sourceTree = "<group>"; };
		5B673A051D137F9900E585E3 /* Base */ = {isa = PBXFileReference; lastKnownFileType = file.storyboard; name = Base; path = Base.lproj/LaunchScreen.storyboard; sourceTree = "<group>"; };
		5B673A071D137F9900E585E3 /* Info.plist */ = {isa = PBXFileReference; lastKnownFileType = text.plist.xml; path = Info.plist; sourceTree = "<group>"; };
		5B673A0C1D137F9900E585E3 /* TaskAppTests.xctest */ = {isa = PBXFileReference; explicitFileType = wrapper.cfbundle; includeInIndex = 0; path = TaskAppTests.xctest; sourceTree = BUILT_PRODUCTS_DIR; };
		5B673A101D137F9900E585E3 /* TaskAppTests.swift */ = {isa = PBXFileReference; lastKnownFileType = sourcecode.swift; path = TaskAppTests.swift; sourceTree = "<group>"; };
		5B673A121D137F9900E585E3 /* Info.plist */ = {isa = PBXFileReference; lastKnownFileType = text.plist.xml; path = Info.plist; sourceTree = "<group>"; };
		5B673A171D137F9900E585E3 /* TaskAppUITests.xctest */ = {isa = PBXFileReference; explicitFileType = wrapper.cfbundle; includeInIndex = 0; path = TaskAppUITests.xctest; sourceTree = BUILT_PRODUCTS_DIR; };
		5B673A1B1D137F9900E585E3 /* TaskAppUITests.swift */ = {isa = PBXFileReference; lastKnownFileType = sourcecode.swift; path = TaskAppUITests.swift; sourceTree = "<group>"; };
		5B673A1D1D137F9900E585E3 /* Info.plist */ = {isa = PBXFileReference; lastKnownFileType = text.plist.xml; path = Info.plist; sourceTree = "<group>"; };
		5B673A291D17AB7400E585E3 /* InputViewController.swift */ = {isa = PBXFileReference; fileEncoding = 4; lastKnownFileType = sourcecode.swift; path = InputViewController.swift; sourceTree = "<group>"; };
		5B673A2B1D17D79500E585E3 /* Tasc.swift */ = {isa = PBXFileReference; fileEncoding = 4; lastKnownFileType = sourcecode.swift; path = Tasc.swift; sourceTree = "<group>"; };
		695DBD73E0C6448758D4537F /* Pods_TaskApp.framework */ = {isa = PBXFileReference; explicitFileType = wrapper.framework; includeInIndex = 0; path = Pods_TaskApp.framework; sourceTree = BUILT_PRODUCTS_DIR; };
		ACD1F8F78A58010A72511870 /* Pods-TaskApp.debug.xcconfig */ = {isa = PBXFileReference; includeInIndex = 1; lastKnownFileType = text.xcconfig; name = "Pods-TaskApp.debug.xcconfig"; path = "Pods/Target Support Files/Pods-TaskApp/Pods-TaskApp.debug.xcconfig"; sourceTree = "<group>"; };
/* End PBXFileReference section */

/* Begin PBXFrameworksBuildPhase section */
		5B6739F51D137F9900E585E3 /* Frameworks */ = {
			isa = PBXFrameworksBuildPhase;
			buildActionMask = 2147483647;
			files = (
				E694A00FC3132921B46CE153 /* Pods_TaskApp.framework in Frameworks */,
			);
			runOnlyForDeploymentPostprocessing = 0;
		};
		5B673A091D137F9900E585E3 /* Frameworks */ = {
			isa = PBXFrameworksBuildPhase;
			buildActionMask = 2147483647;
			files = (
			);
			runOnlyForDeploymentPostprocessing = 0;
		};
		5B673A141D137F9900E585E3 /* Frameworks */ = {
			isa = PBXFrameworksBuildPhase;
			buildActionMask = 2147483647;
			files = (
			);
			runOnlyForDeploymentPostprocessing = 0;
		};
/* End PBXFrameworksBuildPhase section */

/* Begin PBXGroup section */
		2E349396C57FE734EDB1AE2F /* Frameworks */ = {
			isa = PBXGroup;
			children = (
				695DBD73E0C6448758D4537F /* Pods_TaskApp.framework */,
			);
			name = Frameworks;
			sourceTree = "<group>";
		};
		472B2643952CDAC7B4D9C343 /* Pods */ = {
			isa = PBXGroup;
			children = (
				ACD1F8F78A58010A72511870 /* Pods-TaskApp.debug.xcconfig */,
				22B985C721AF5081F0A36B4A /* Pods-TaskApp.release.xcconfig */,
			);
			name = Pods;
			sourceTree = "<group>";
		};
		5B6739EF1D137F9900E585E3 = {
			isa = PBXGroup;
			children = (
				5B6739FA1D137F9900E585E3 /* TaskApp */,
				5B673A0F1D137F9900E585E3 /* TaskAppTests */,
				5B673A1A1D137F9900E585E3 /* TaskAppUITests */,
				5B6739F91D137F9900E585E3 /* Products */,
				472B2643952CDAC7B4D9C343 /* Pods */,
				2E349396C57FE734EDB1AE2F /* Frameworks */,
			);
			sourceTree = "<group>";
		};
		5B6739F91D137F9900E585E3 /* Products */ = {
			isa = PBXGroup;
			children = (
				5B6739F81D137F9900E585E3 /* TaskApp.app */,
				5B673A0C1D137F9900E585E3 /* TaskAppTests.xctest */,
				5B673A171D137F9900E585E3 /* TaskAppUITests.xctest */,
			);
			name = Products;
			sourceTree = "<group>";
		};
		5B6739FA1D137F9900E585E3 /* TaskApp */ = {
			isa = PBXGroup;
			children = (
				5B6739FB1D137F9900E585E3 /* AppDelegate.swift */,
				5B6739FD1D137F9900E585E3 /* ViewController.swift */,
				5B673A291D17AB7400E585E3 /* InputViewController.swift */,
				5B6739FF1D137F9900E585E3 /* Main.storyboard */,
				5B673A021D137F9900E585E3 /* Assets.xcassets */,
				5B673A041D137F9900E585E3 /* LaunchScreen.storyboard */,
				5B673A071D137F9900E585E3 /* Info.plist */,
				5B673A2B1D17D79500E585E3 /* Tasc.swift */,
			);
			path = TaskApp;
			sourceTree = "<group>";
		};
		5B673A0F1D137F9900E585E3 /* TaskAppTests */ = {
			isa = PBXGroup;
			children = (
				5B673A101D137F9900E585E3 /* TaskAppTests.swift */,
				5B673A121D137F9900E585E3 /* Info.plist */,
			);
			path = TaskAppTests;
			sourceTree = "<group>";
		};
		5B673A1A1D137F9900E585E3 /* TaskAppUITests */ = {
			isa = PBXGroup;
			children = (
				5B673A1B1D137F9900E585E3 /* TaskAppUITests.swift */,
				5B673A1D1D137F9900E585E3 /* Info.plist */,
			);
			path = TaskAppUITests;
			sourceTree = "<group>";
		};
/* End PBXGroup section */

/* Begin PBXNativeTarget section */
		5B6739F71D137F9900E585E3 /* TaskApp */ = {
			isa = PBXNativeTarget;
			buildConfigurationList = 5B673A201D137F9900E585E3 /* Build configuration list for PBXNativeTarget "TaskApp" */;
			buildPhases = (
				030B3B2CB78C27F811B03764 /* [CP] Check Pods Manifest.lock */,
				5B6739F41D137F9900E585E3 /* Sources */,
				5B6739F51D137F9900E585E3 /* Frameworks */,
				5B6739F61D137F9900E585E3 /* Resources */,
				ACCFA214C1400508057956DE /* [CP] Embed Pods Frameworks */,
				FCD44FC31C750B5DB7A11F3C /* [CP] Copy Pods Resources */,
			);
			buildRules = (
			);
			dependencies = (
			);
			name = TaskApp;
			productName = TaskApp;
			productReference = 5B6739F81D137F9900E585E3 /* TaskApp.app */;
			productType = "com.apple.product-type.application";
		};
		5B673A0B1D137F9900E585E3 /* TaskAppTests */ = {
			isa = PBXNativeTarget;
			buildConfigurationList = 5B673A231D137F9900E585E3 /* Build configuration list for PBXNativeTarget "TaskAppTests" */;
			buildPhases = (
				5B673A081D137F9900E585E3 /* Sources */,
				5B673A091D137F9900E585E3 /* Frameworks */,
				5B673A0A1D137F9900E585E3 /* Resources */,
			);
			buildRules = (
			);
			dependencies = (
				5B673A0E1D137F9900E585E3 /* PBXTargetDependency */,
			);
			name = TaskAppTests;
			productName = TaskAppTests;
			productReference = 5B673A0C1D137F9900E585E3 /* TaskAppTests.xctest */;
			productType = "com.apple.product-type.bundle.unit-test";
		};
		5B673A161D137F9900E585E3 /* TaskAppUITests */ = {
			isa = PBXNativeTarget;
			buildConfigurationList = 5B673A261D137F9900E585E3 /* Build configuration list for PBXNativeTarget "TaskAppUITests" */;
			buildPhases = (
				5B673A131D137F9900E585E3 /* Sources */,
				5B673A141D137F9900E585E3 /* Frameworks */,
				5B673A151D137F9900E585E3 /* Resources */,
			);
			buildRules = (
			);
			dependencies = (
				5B673A191D137F9900E585E3 /* PBXTargetDependency */,
			);
			name = TaskAppUITests;
			productName = TaskAppUITests;
			productReference = 5B673A171D137F9900E585E3 /* TaskAppUITests.xctest */;
			productType = "com.apple.product-type.bundle.ui-testing";
		};
/* End PBXNativeTarget section */

/* Begin PBXProject section */
		5B6739F01D137F9900E585E3 /* Project object */ = {
			isa = PBXProject;
			attributes = {
				LastSwiftUpdateCheck = 0730;
				LastUpgradeCheck = 0730;
				ORGANIZATIONNAME = huemura;
				TargetAttributes = {
					5B6739F71D137F9900E585E3 = {
						CreatedOnToolsVersion = 7.3.1;
						DevelopmentTeam = 8HDW23J2P5;
					};
					5B673A0B1D137F9900E585E3 = {
						CreatedOnToolsVersion = 7.3.1;
						TestTargetID = 5B6739F71D137F9900E585E3;
					};
					5B673A161D137F9900E585E3 = {
						CreatedOnToolsVersion = 7.3.1;
						TestTargetID = 5B6739F71D137F9900E585E3;
					};
				};
			};
			buildConfigurationList = 5B6739F31D137F9900E585E3 /* Build configuration list for PBXProject "TaskApp" */;
			compatibilityVersion = "Xcode 3.2";
			developmentRegion = English;
			hasScannedForEncodings = 0;
			knownRegions = (
				en,
				Base,
			);
			mainGroup = 5B6739EF1D137F9900E585E3;
			productRefGroup = 5B6739F91D137F9900E585E3 /* Products */;
			projectDirPath = "";
			projectRoot = "";
			targets = (
				5B6739F71D137F9900E585E3 /* TaskApp */,
				5B673A0B1D137F9900E585E3 /* TaskAppTests */,
				5B673A161D137F9900E585E3 /* TaskAppUITests */,
			);
		};
/* End PBXProject section */

/* Begin PBXResourcesBuildPhase section */
		5B6739F61D137F9900E585E3 /* Resources */ = {
			isa = PBXResourcesBuildPhase;
			buildActionMask = 2147483647;
			files = (
				5B673A061D137F9900E585E3 /* LaunchScreen.storyboard in Resources */,
				5B673A031D137F9900E585E3 /* Assets.xcassets in Resources */,
				5B673A011D137F9900E585E3 /* Main.storyboard in Resources */,
			);
			runOnlyForDeploymentPostprocessing = 0;
		};
		5B673A0A1D137F9900E585E3 /* Resources */ = {
			isa = PBXResourcesBuildPhase;
			buildActionMask = 2147483647;
			files = (
			);
			runOnlyForDeploymentPostprocessing = 0;
		};
		5B673A151D137F9900E585E3 /* Resources */ = {
			isa = PBXResourcesBuildPhase;
			buildActionMask = 2147483647;
			files = (
			);
			runOnlyForDeploymentPostprocessing = 0;
		};
/* End PBXResourcesBuildPhase section */

/* Begin PBXShellScriptBuildPhase section */
		030B3B2CB78C27F811B03764 /* [CP] Check Pods Manifest.lock */ = {
			isa = PBXShellScriptBuildPhase;
			buildActionMask = 2147483647;
			files = (
			);
			inputPaths = (
			);
			name = "[CP] Check Pods Manifest.lock";
			outputPaths = (
			);
			runOnlyForDeploymentPostprocessing = 0;
			shellPath = /bin/sh;
			shellScript = "diff \"${PODS_ROOT}/../Podfile.lock\" \"${PODS_ROOT}/Manifest.lock\" > /dev/null\nif [[ $? != 0 ]] ; then\n    cat << EOM\nerror: The sandbox is not in sync with the Podfile.lock. Run 'pod install' or update your CocoaPods installation.\nEOM\n    exit 1\nfi\n";
			showEnvVarsInLog = 0;
		};
		ACCFA214C1400508057956DE /* [CP] Embed Pods Frameworks */ = {
			isa = PBXShellScriptBuildPhase;
			buildActionMask = 2147483647;
			files = (
			);
			inputPaths = (
			);
			name = "[CP] Embed Pods Frameworks";
			outputPaths = (
			);
			runOnlyForDeploymentPostprocessing = 0;
			shellPath = /bin/sh;
			shellScript = "\"${SRCROOT}/Pods/Target Support Files/Pods-TaskApp/Pods-TaskApp-frameworks.sh\"\n";
			showEnvVarsInLog = 0;
		};
		FCD44FC31C750B5DB7A11F3C /* [CP] Copy Pods Resources */ = {
			isa = PBXShellScriptBuildPhase;
			buildActionMask = 2147483647;
			files = (
			);
			inputPaths = (
			);
			name = "[CP] Copy Pods Resources";
			outputPaths = (
			);
			runOnlyForDeploymentPostprocessing = 0;
			shellPath = /bin/sh;
			shellScript = "\"${SRCROOT}/Pods/Target Support Files/Pods-TaskApp/Pods-TaskApp-resources.sh\"\n";
			showEnvVarsInLog = 0;
		};
/* End PBXShellScriptBuildPhase section */

/* Begin PBXSourcesBuildPhase section */
		5B6739F41D137F9900E585E3 /* Sources */ = {
			isa = PBXSourcesBuildPhase;
			buildActionMask = 2147483647;
			files = (
				5B673A2C1D17D79500E585E3 /* Tasc.swift in Sources */,
				5B6739FE1D137F9900E585E3 /* ViewController.swift in Sources */,
				5B6739FC1D137F9900E585E3 /* AppDelegate.swift in Sources */,
				5B673A2A1D17AB7400E585E3 /* InputViewController.swift in Sources */,
			);
			runOnlyForDeploymentPostprocessing = 0;
		};
		5B673A081D137F9900E585E3 /* Sources */ = {
			isa = PBXSourcesBuildPhase;
			buildActionMask = 2147483647;
			files = (
				5B673A111D137F9900E585E3 /* TaskAppTests.swift in Sources */,
			);
			runOnlyForDeploymentPostprocessing = 0;
		};
		5B673A131D137F9900E585E3 /* Sources */ = {
			isa = PBXSourcesBuildPhase;
			buildActionMask = 2147483647;
			files = (
				5B673A1C1D137F9900E585E3 /* TaskAppUITests.swift in Sources */,
			);
			runOnlyForDeploymentPostprocessing = 0;
		};
/* End PBXSourcesBuildPhase section */

/* Begin PBXTargetDependency section */
		5B673A0E1D137F9900E585E3 /* PBXTargetDependency */ = {
			isa = PBXTargetDependency;
			target = 5B6739F71D137F9900E585E3 /* TaskApp */;
			targetProxy = 5B673A0D1D137F9900E585E3 /* PBXContainerItemProxy */;
		};
		5B673A191D137F9900E585E3 /* PBXTargetDependency */ = {
			isa = PBXTargetDependency;
			target = 5B6739F71D137F9900E585E3 /* TaskApp */;
			targetProxy = 5B673A181D137F9900E585E3 /* PBXContainerItemProxy */;
		};
/* End PBXTargetDependency section */

/* Begin PBXVariantGroup section */
		5B6739FF1D137F9900E585E3 /* Main.storyboard */ = {
			isa = PBXVariantGroup;
			children = (
				5B673A001D137F9900E585E3 /* Base */,
			);
			name = Main.storyboard;
			sourceTree = "<group>";
		};
		5B673A041D137F9900E585E3 /* LaunchScreen.storyboard */ = {
			isa = PBXVariantGroup;
			children = (
				5B673A051D137F9900E585E3 /* Base */,
			);
			name = LaunchScreen.storyboard;
			sourceTree = "<group>";
		};
/* End PBXVariantGroup section */

/* Begin XCBuildConfiguration section */
		5B673A1E1D137F9900E585E3 /* Debug */ = {
			isa = XCBuildConfiguration;
			buildSettings = {
				ALWAYS_SEARCH_USER_PATHS = NO;
				CLANG_ANALYZER_NONNULL = YES;
				CLANG_CXX_LANGUAGE_STANDARD = "gnu++0x";
				CLANG_CXX_LIBRARY = "libc++";
				CLANG_ENABLE_MODULES = YES;
				CLANG_ENABLE_OBJC_ARC = YES;
				CLANG_WARN_BOOL_CONVERSION = YES;
				CLANG_WARN_CONSTANT_CONVERSION = YES;
				CLANG_WARN_DIRECT_OBJC_ISA_USAGE = YES_ERROR;
				CLANG_WARN_EMPTY_BODY = YES;
				CLANG_WARN_ENUM_CONVERSION = YES;
				CLANG_WARN_INT_CONVERSION = YES;
				CLANG_WARN_OBJC_ROOT_CLASS = YES_ERROR;
				CLANG_WARN_UNREACHABLE_CODE = YES;
				CLANG_WARN__DUPLICATE_METHOD_MATCH = YES;
				"CODE_SIGN_IDENTITY[sdk=iphoneos*]" = "iPhone Developer";
				COPY_PHASE_STRIP = NO;
				DEBUG_INFORMATION_FORMAT = dwarf;
				ENABLE_STRICT_OBJC_MSGSEND = YES;
				ENABLE_TESTABILITY = YES;
				GCC_C_LANGUAGE_STANDARD = gnu99;
				GCC_DYNAMIC_NO_PIC = NO;
				GCC_NO_COMMON_BLOCKS = YES;
				GCC_OPTIMIZATION_LEVEL = 0;
				GCC_PREPROCESSOR_DEFINITIONS = (
					"DEBUG=1",
					"$(inherited)",
				);
				GCC_WARN_64_TO_32_BIT_CONVERSION = YES;
				GCC_WARN_ABOUT_RETURN_TYPE = YES_ERROR;
				GCC_WARN_UNDECLARED_SELECTOR = YES;
				GCC_WARN_UNINITIALIZED_AUTOS = YES_AGGRESSIVE;
				GCC_WARN_UNUSED_FUNCTION = YES;
				GCC_WARN_UNUSED_VARIABLE = YES;
				IPHONEOS_DEPLOYMENT_TARGET = 9.3;
				MTL_ENABLE_DEBUG_INFO = YES;
				ONLY_ACTIVE_ARCH = YES;
				SDKROOT = iphoneos;
				SWIFT_OPTIMIZATION_LEVEL = "-Onone";
			};
			name = Debug;
		};
		5B673A1F1D137F9900E585E3 /* Release */ = {
			isa = XCBuildConfiguration;
			buildSettings = {
				ALWAYS_SEARCH_USER_PATHS = NO;
				CLANG_ANALYZER_NONNULL = YES;
				CLANG_CXX_LANGUAGE_STANDARD = "gnu++0x";
				CLANG_CXX_LIBRARY = "libc++";
				CLANG_ENABLE_MODULES = YES;
				CLANG_ENABLE_OBJC_ARC = YES;
				CLANG_WARN_BOOL_CONVERSION = YES;
				CLANG_WARN_CONSTANT_CONVERSION = YES;
				CLANG_WARN_DIRECT_OBJC_ISA_USAGE = YES_ERROR;
				CLANG_WARN_EMPTY_BODY = YES;
				CLANG_WARN_ENUM_CONVERSION = YES;
				CLANG_WARN_INT_CONVERSION = YES;
				CLANG_WARN_OBJC_ROOT_CLASS = YES_ERROR;
				CLANG_WARN_UNREACHABLE_CODE = YES;
				CLANG_WARN__DUPLICATE_METHOD_MATCH = YES;
				"CODE_SIGN_IDENTITY[sdk=iphoneos*]" = "iPhone Developer";
				COPY_PHASE_STRIP = NO;
				DEBUG_INFORMATION_FORMAT = "dwarf-with-dsym";
				ENABLE_NS_ASSERTIONS = NO;
				ENABLE_STRICT_OBJC_MSGSEND = YES;
				GCC_C_LANGUAGE_STANDARD = gnu99;
				GCC_NO_COMMON_BLOCKS = YES;
				GCC_WARN_64_TO_32_BIT_CONVERSION = YES;
				GCC_WARN_ABOUT_RETURN_TYPE = YES_ERROR;
				GCC_WARN_UNDECLARED_SELECTOR = YES;
				GCC_WARN_UNINITIALIZED_AUTOS = YES_AGGRESSIVE;
				GCC_WARN_UNUSED_FUNCTION = YES;
				GCC_WARN_UNUSED_VARIABLE = YES;
				IPHONEOS_DEPLOYMENT_TARGET = 9.3;
				MTL_ENABLE_DEBUG_INFO = NO;
				SDKROOT = iphoneos;
				VALIDATE_PRODUCT = YES;
			};
			name = Release;
		};
		5B673A211D137F9900E585E3 /* Debug */ = {
			isa = XCBuildConfiguration;
			baseConfigurationReference = ACD1F8F78A58010A72511870 /* Pods-TaskApp.debug.xcconfig */;
			buildSettings = {
				ASSETCATALOG_COMPILER_APPICON_NAME = AppIcon;
				CODE_SIGN_IDENTITY = "iPhone Developer";
				"CODE_SIGN_IDENTITY[sdk=iphoneos*]" = "iPhone Developer";
				INFOPLIST_FILE = TaskApp/Info.plist;
				IPHONEOS_DEPLOYMENT_TARGET = 9.0;
				LD_RUNPATH_SEARCH_PATHS = "$(inherited) @executable_path/Frameworks";
				PRODUCT_BUNDLE_IDENTIFIER = jp.techacademy.hiro.uemura.TaskApp;
				PRODUCT_NAME = "$(TARGET_NAME)";
				PROVISIONING_PROFILE = "";
			};
			name = Debug;
		};
		5B673A221D137F9900E585E3 /* Release */ = {
			isa = XCBuildConfiguration;
			baseConfigurationReference = 22B985C721AF5081F0A36B4A /* Pods-TaskApp.release.xcconfig */;
			buildSettings = {
				ASSETCATALOG_COMPILER_APPICON_NAME = AppIcon;
				CODE_SIGN_IDENTITY = "iPhone Developer";
				"CODE_SIGN_IDENTITY[sdk=iphoneos*]" = "iPhone Developer";
				INFOPLIST_FILE = TaskApp/Info.plist;
				IPHONEOS_DEPLOYMENT_TARGET = 9.0;
				LD_RUNPATH_SEARCH_PATHS = "$(inherited) @executable_path/Frameworks";
				PRODUCT_BUNDLE_IDENTIFIER = jp.techacademy.hiro.uemura.TaskApp;
				PRODUCT_NAME = "$(TARGET_NAME)";
				PROVISIONING_PROFILE = "";
			};
			name = Release;
		};
		5B673A241D137F9900E585E3 /* Debug */ = {
			isa = XCBuildConfiguration;
			buildSettings = {
				BUNDLE_LOADER = "$(TEST_HOST)";
				INFOPLIST_FILE = TaskAppTests/Info.plist;
				LD_RUNPATH_SEARCH_PATHS = "$(inherited) @executable_path/Frameworks @loader_path/Frameworks";
				PRODUCT_BUNDLE_IDENTIFIER = jp.techacademy.hiro.uemura.TaskAppTests;
				PRODUCT_NAME = "$(TARGET_NAME)";
				TEST_HOST = "$(BUILT_PRODUCTS_DIR)/TaskApp.app/TaskApp";
			};
			name = Debug;
		};
		5B673A251D137F9900E585E3 /* Release */ = {
			isa = XCBuildConfiguration;
			buildSettings = {
				BUNDLE_LOADER = "$(TEST_HOST)";
				INFOPLIST_FILE = TaskAppTests/Info.plist;
				LD_RUNPATH_SEARCH_PATHS = "$(inherited) @executable_path/Frameworks @loader_path/Frameworks";
				PRODUCT_BUNDLE_IDENTIFIER = jp.techacademy.hiro.uemura.TaskAppTests;
				PRODUCT_NAME = "$(TARGET_NAME)";
				TEST_HOST = "$(BUILT_PRODUCTS_DIR)/TaskApp.app/TaskApp";
			};
			name = Release;
		};
		5B673A271D137F9900E585E3 /* Debug */ = {
			isa = XCBuildConfiguration;
			buildSettings = {
				INFOPLIST_FILE = TaskAppUITests/Info.plist;
				LD_RUNPATH_SEARCH_PATHS = "$(inherited) @executable_path/Frameworks @loader_path/Frameworks";
				PRODUCT_BUNDLE_IDENTIFIER = jp.techacademy.hiro.uemura.TaskAppUITests;
				PRODUCT_NAME = "$(TARGET_NAME)";
				TEST_TARGET_NAME = TaskApp;
			};
			name = Debug;
		};
		5B673A281D137F9900E585E3 /* Release */ = {
			isa = XCBuildConfiguration;
			buildSettings = {
				INFOPLIST_FILE = TaskAppUITests/Info.plist;
				LD_RUNPATH_SEARCH_PATHS = "$(inherited) @executable_path/Frameworks @loader_path/Frameworks";
				PRODUCT_BUNDLE_IDENTIFIER = jp.techacademy.hiro.uemura.TaskAppUITests;
				PRODUCT_NAME = "$(TARGET_NAME)";
				TEST_TARGET_NAME = TaskApp;
			};
			name = Release;
		};
/* End XCBuildConfiguration section */

/* Begin XCConfigurationList section */
		5B6739F31D137F9900E585E3 /* Build configuration list for PBXProject "TaskApp" */ = {
			isa = XCConfigurationList;
			buildConfigurations = (
				5B673A1E1D137F9900E585E3 /* Debug */,
				5B673A1F1D137F9900E585E3 /* Release */,
			);
			defaultConfigurationIsVisible = 0;
			defaultConfigurationName = Release;
		};
		5B673A201D137F9900E585E3 /* Build configuration list for PBXNativeTarget "TaskApp" */ = {
			isa = XCConfigurationList;
			buildConfigurations = (
				5B673A211D137F9900E585E3 /* Debug */,
				5B673A221D137F9900E585E3 /* Release */,
			);
			defaultConfigurationIsVisible = 0;
			defaultConfigurationName = Release;
		};
		5B673A231D137F9900E585E3 /* Build configuration list for PBXNativeTarget "TaskAppTests" */ = {
			isa = XCConfigurationList;
			buildConfigurations = (
				5B673A241D137F9900E585E3 /* Debug */,
				5B673A251D137F9900E585E3 /* Release */,
			);
			defaultConfigurationIsVisible = 0;
			defaultConfigurationName = Release;
		};
		5B673A261D137F9900E585E3 /* Build configuration list for PBXNativeTarget "TaskAppUITests" */ = {
			isa = XCConfigurationList;
			buildConfigurations = (
				5B673A271D137F9900E585E3 /* Debug */,
				5B673A281D137F9900E585E3 /* Release */,
			);
			defaultConfigurationIsVisible = 0;
			defaultConfigurationName = Release;
		};
/* End XCConfigurationList section */
	};
	rootObject = 5B6739F01D137F9900E585E3 /* Project object */;
}
